
Microsoft Visual Studio Solution File, Format Version 12.00
# Visual Studio Version 17
VisualStudioVersion = 17.2.32526.322
MinimumVisualStudioVersion = 10.0.40219.1
Project("{9A19103F-16F7-4668-BE54-9A1E7A4F7556}") = "RestauranteAPI_NETCORE", "RestauranteAPI_NETCORE\RestauranteAPI_NETCORE.csproj", "{C5505FD3-97D4-4602-97AE-325699A40916}"
EndProject
Project("{FAE04EC0-301F-11D3-BF4B-00C04F79EFBC}") = "RestauranteAPI_TESTE", "RestauranteAPI_TESTE\RestauranteAPI_TESTE.csproj", "{52C3DF66-7443-4A88-9D3E-1C9E3EB9955E}"
EndProject
Global
	GlobalSection(SolutionConfigurationPlatforms) = preSolution
		Debug|Any CPU = Debug|Any CPU
		Release|Any CPU = Release|Any CPU
	EndGlobalSection
	GlobalSection(ProjectConfigurationPlatforms) = postSolution
		{C5505FD3-97D4-4602-97AE-325699A40916}.Debug|Any CPU.ActiveCfg = Debug|Any CPU
		{C5505FD3-97D4-4602-97AE-325699A40916}.Debug|Any CPU.Build.0 = Debug|Any CPU
		{C5505FD3-97D4-4602-97AE-325699A40916}.Release|Any CPU.ActiveCfg = Release|Any CPU
		{C5505FD3-97D4-4602-97AE-325699A40916}.Release|Any CPU.Build.0 = Release|Any CPU
		{52C3DF66-7443-4A88-9D3E-1C9E3EB9955E}.Debug|Any CPU.ActiveCfg = Debug|Any CPU
		{52C3DF66-7443-4A88-9D3E-1C9E3EB9955E}.Debug|Any CPU.Build.0 = Debug|Any CPU
		{52C3DF66-7443-4A88-9D3E-1C9E3EB9955E}.Release|Any CPU.ActiveCfg = Release|Any CPU
		{52C3DF66-7443-4A88-9D3E-1C9E3EB9955E}.Release|Any CPU.Build.0 = Release|Any CPU
	EndGlobalSection
	GlobalSection(SolutionProperties) = preSolution
		HideSolutionNode = FALSE
	EndGlobalSection
	GlobalSection(ExtensibilityGlobals) = postSolution
		SolutionGuid = {B3F13F61-42DF-4692-9D6F-131D8975028F}
	EndGlobalSection
EndGlobal
